// !$*UTF8*$!
{
	archiveVersion = 1;
	classes = {
	};
	objectVersion = 77;
	objects = {

/* Begin PBXBuildFile section */
		060F9213B9C997A695847F76 /* LinOnwardUITests.swift in Sources */ = {isa = PBXBuildFile; fileRef = 123E324A6E36B03DA29D3097 /* LinOnwardUITests.swift */; };
		07AABE7F7A469433A2D0AC84 /* WebAuthenticationBrowser.swift in Sources */ = {isa = PBXBuildFile; fileRef = A823299181EEDD1981821382 /* WebAuthenticationBrowser.swift */; };
		1304D6B95460D3DAF7B42A6D /* DesignTokens.generated.swift in Sources */ = {isa = PBXBuildFile; fileRef = F95417825C76318B05AACABB /* DesignTokens.generated.swift */; };
		18100FC83D41252F81747FF2 /* AuthenticationModels.swift in Sources */ = {isa = PBXBuildFile; fileRef = AAB4CD022FFF05E8731675FC /* AuthenticationModels.swift */; };
		1A110709F214A317F97EF169 /* LinOnwardApp.swift in Sources */ = {isa = PBXBuildFile; fileRef = EEDBBF5DAD88C9604E87232B /* LinOnwardApp.swift */; };
		1EC686820AD47A7601E2D5A9 /* AuthenticationPreviews.swift in Sources */ = {isa = PBXBuildFile; fileRef = F6F94B8FC14FD269F55036BE /* AuthenticationPreviews.swift */; };
		214CADF45553530EF4109053 /* AuthenticationService.swift in Sources */ = {isa = PBXBuildFile; fileRef = 0559573061E32A3863F69F48 /* AuthenticationService.swift */; };
		24E3D951AF7E94FB8699F988 /* AuthenticationState.swift in Sources */ = {isa = PBXBuildFile; fileRef = 5FC88F6E8C8168F445B90BC7 /* AuthenticationState.swift */; };
		289B7D9934DD76E681BEF251 /* AuthenticationModel.swift in Sources */ = {isa = PBXBuildFile; fileRef = DCDBB30A3F6EA2A3981FAAA5 /* AuthenticationModel.swift */; };
		35E0F314BDCD50FA380B5AC6 /* GoogleSignIn.swift in Sources */ = {isa = PBXBuildFile; fileRef = 3816F4D055EB048233285CA5 /* GoogleSignIn.swift */; };
		3FF3ED0A666112F9F2A01897 /* SessionTokenStore.swift in Sources */ = {isa = PBXBuildFile; fileRef = 660CF515F8283FDCBAE17CC7 /* SessionTokenStore.swift */; };
		513D597F7532E79FEFE9B408 /* AuthenticationError.swift in Sources */ = {isa = PBXBuildFile; fileRef = 148B143CC0783A93F0D423D4 /* AuthenticationError.swift */; };
		66E3DB77D5D3D82BD8F497F9 /* GoogleIdentityProvider.swift in Sources */ = {isa = PBXBuildFile; fileRef = 2E709A708423E3C1340C8C26 /* GoogleIdentityProvider.swift */; };
		78595C797F0189955DCA2005 /* ArticleReaderView.swift in Sources */ = {isa = PBXBuildFile; fileRef = 7720303E14E567312A96EDDD /* ArticleReaderView.swift */; };
		78AEFFBCBD64402BAD0A674E /* AppView.swift in Sources */ = {isa = PBXBuildFile; fileRef = 4E0E3869DFF9C612F8091281 /* AppView.swift */; };
		878F5AC70E0837571BF93287 /* ArticleReaderConfiguration.swift in Sources */ = {isa = PBXBuildFile; fileRef = FC0074D87CF354FF325531AC /* ArticleReaderConfiguration.swift */; };
		8A96FF81213E3BFFE2F283E1 /* Assets.xcassets in Resources */ = {isa = PBXBuildFile; fileRef = FF62723F8002FFD009CA327C /* Assets.xcassets */; };
		917F5E3502DF57628DF75163 /* Localizable.xcstrings in Resources */ = {isa = PBXBuildFile; fileRef = 099E10639306D3230D7FE0E6 /* Localizable.xcstrings */; };
		9D3C942B3F9766FD980DB326 /* GoogleSignInTests.swift in Sources */ = {isa = PBXBuildFile; fileRef = 543BE6E91383901E61E38513 /* GoogleSignInTests.swift */; };
		A081A0D378CE9DF738FC6B9F /* ArticleBridgeProtocol.swift in Sources */ = {isa = PBXBuildFile; fileRef = B5CFF205A1B490CFA176D4D0 /* ArticleBridgeProtocol.swift */; };
		A518A2A395B10B5956AE4C74 /* ArticleReaderModels.swift in Sources */ = {isa = PBXBuildFile; fileRef = FD9AC01F2941C5104CEA3E4E /* ArticleReaderModels.swift */; };
		A762B68854281BE1A8809DCF /* SignInView.swift in Sources */ = {isa = PBXBuildFile; fileRef = 533E0F68C206549019E9C2AC /* SignInView.swift */; };
		A839D940C6A1D7ABE1118C75 /* AuthenticationModelTests.swift in Sources */ = {isa = PBXBuildFile; fileRef = CB858E0903DCF69410DC0FB6 /* AuthenticationModelTests.swift */; };
		C2D7FCE89FA9DFE624DA868F /* AuthenticationResponseDecoder.swift in Sources */ = {isa = PBXBuildFile; fileRef = 452281C3A2191B19159F8764 /* AuthenticationResponseDecoder.swift */; };
		C69965A582C8F9485B6E146B /* HomeView.swift in Sources */ = {isa = PBXBuildFile; fileRef = 3A4DFAF1E282AF077A78399A /* HomeView.swift */; };
		CC07012A0E4706846ED09DE4 /* AuthenticationRequest.swift in Sources */ = {isa = PBXBuildFile; fileRef = 7C3A12A2BA5526DE36206BA0 /* AuthenticationRequest.swift */; };
		CDC49AD57458E181364D0056 /* AuthenticationStateTests.swift in Sources */ = {isa = PBXBuildFile; fileRef = F1B3AF6D159ABCA116A18D9C /* AuthenticationStateTests.swift */; };
		D01842CA4F53F5C160526371 /* ArticleReaderWebView.swift in Sources */ = {isa = PBXBuildFile; fileRef = 3B07DCCAF9FF87695C3EB38C /* ArticleReaderWebView.swift */; };
		D191893291B13F6B26E4BBB5 /* AuthenticationTests.swift in Sources */ = {isa = PBXBuildFile; fileRef = 89DA051A009A29FA33301267 /* AuthenticationTests.swift */; };
		E7E291780E5A98EB0D07B119 /* BrandMark.swift in Sources */ = {isa = PBXBuildFile; fileRef = 2C335805138E123B6B086C66 /* BrandMark.swift */; };
		F001B83B27A4444D73739313 /* ArticleReaderTests.swift in Sources */ = {isa = PBXBuildFile; fileRef = 95746541013FB13AD7B85EFF /* ArticleReaderTests.swift */; };
		FAD238B31E823634ABC6D0CA /* APIConfiguration.swift in Sources */ = {isa = PBXBuildFile; fileRef = 95ABD0995CCC34E526E09B95 /* APIConfiguration.swift */; };
/* End PBXBuildFile section */

/* Begin PBXContainerItemProxy section */
		03593144B169ECFD4B86B6EB /* PBXContainerItemProxy */ = {
			isa = PBXContainerItemProxy;
			containerPortal = 23C17F4578B275D3A7C42FB2 /* Project object */;
			proxyType = 1;
			remoteGlobalIDString = E7C06C1005E9F3BD516323C9;
			remoteInfo = LinOnward;
		};
		C5C8C3338336BCA2950381D5 /* PBXContainerItemProxy */ = {
			isa = PBXContainerItemProxy;
			containerPortal = 23C17F4578B275D3A7C42FB2 /* Project object */;
			proxyType = 1;
			remoteGlobalIDString = E7C06C1005E9F3BD516323C9;
			remoteInfo = LinOnward;
		};
/* End PBXContainerItemProxy section */

/* Begin PBXFileReference section */
		0559573061E32A3863F69F48 /* AuthenticationService.swift */ = {isa = PBXFileReference; lastKnownFileType = sourcecode.swift; path = AuthenticationService.swift; sourceTree = "<group>"; };
		090649DCC5090CF840F85DE9 /* Release.xcconfig */ = {isa = PBXFileReference; lastKnownFileType = text.xcconfig; path = Release.xcconfig; sourceTree = "<group>"; };
		099E10639306D3230D7FE0E6 /* Localizable.xcstrings */ = {isa = PBXFileReference; lastKnownFileType = text.json.xcstrings; path = Localizable.xcstrings; sourceTree = "<group>"; };
		0C816F3E46C30E3260A7C560 /* Debug.xcconfig */ = {isa = PBXFileReference; lastKnownFileType = text.xcconfig; path = Debug.xcconfig; sourceTree = "<group>"; };
		123E324A6E36B03DA29D3097 /* LinOnwardUITests.swift */ = {isa = PBXFileReference; lastKnownFileType = sourcecode.swift; path = LinOnwardUITests.swift; sourceTree = "<group>"; };
		148B143CC0783A93F0D423D4 /* AuthenticationError.swift */ = {isa = PBXFileReference; lastKnownFileType = sourcecode.swift; path = AuthenticationError.swift; sourceTree = "<group>"; };
		2C335805138E123B6B086C66 /* BrandMark.swift */ = {isa = PBXFileReference; lastKnownFileType = sourcecode.swift; path = BrandMark.swift; sourceTree = "<group>"; };
		2C8445C722EF773BD81F5605 /* LinOnward.app */ = {isa = PBXFileReference; includeInIndex = 0; lastKnownFileType = wrapper.application; path = LinOnward.app; sourceTree = BUILT_PRODUCTS_DIR; };
		2E709A708423E3C1340C8C26 /* GoogleIdentityProvider.swift */ = {isa = PBXFileReference; lastKnownFileType = sourcecode.swift; path = GoogleIdentityProvider.swift; sourceTree = "<group>"; };
		3816F4D055EB048233285CA5 /* GoogleSignIn.swift */ = {isa = PBXFileReference; lastKnownFileType = sourcecode.swift; path = GoogleSignIn.swift; sourceTree = "<group>"; };
		3A4DFAF1E282AF077A78399A /* HomeView.swift */ = {isa = PBXFileReference; lastKnownFileType = sourcecode.swift; path = HomeView.swift; sourceTree = "<group>"; };
		3B07DCCAF9FF87695C3EB38C /* ArticleReaderWebView.swift */ = {isa = PBXFileReference; lastKnownFileType = sourcecode.swift; path = ArticleReaderWebView.swift; sourceTree = "<group>"; };
		452281C3A2191B19159F8764 /* AuthenticationResponseDecoder.swift */ = {isa = PBXFileReference; lastKnownFileType = sourcecode.swift; path = AuthenticationResponseDecoder.swift; sourceTree = "<group>"; };
		4E0E3869DFF9C612F8091281 /* AppView.swift */ = {isa = PBXFileReference; lastKnownFileType = sourcecode.swift; path = AppView.swift; sourceTree = "<group>"; };
		4E840CEFA03BB01B4317B783 /* LinOnwardTests.xctest */ = {isa = PBXFileReference; includeInIndex = 0; lastKnownFileType = wrapper.cfbundle; path = LinOnwardTests.xctest; sourceTree = BUILT_PRODUCTS_DIR; };
		533E0F68C206549019E9C2AC /* SignInView.swift */ = {isa = PBXFileReference; lastKnownFileType = sourcecode.swift; path = SignInView.swift; sourceTree = "<group>"; };
		543BE6E91383901E61E38513 /* GoogleSignInTests.swift */ = {isa = PBXFileReference; lastKnownFileType = sourcecode.swift; path = GoogleSignInTests.swift; sourceTree = "<group>"; };
		5FC88F6E8C8168F445B90BC7 /* AuthenticationState.swift */ = {isa = PBXFileReference; lastKnownFileType = sourcecode.swift; path = AuthenticationState.swift; sourceTree = "<group>"; };
		660CF515F8283FDCBAE17CC7 /* SessionTokenStore.swift */ = {isa = PBXFileReference; lastKnownFileType = sourcecode.swift; path = SessionTokenStore.swift; sourceTree = "<group>"; };
		7720303E14E567312A96EDDD /* ArticleReaderView.swift */ = {isa = PBXFileReference; lastKnownFileType = sourcecode.swift; path = ArticleReaderView.swift; sourceTree = "<group>"; };
		7C3A12A2BA5526DE36206BA0 /* AuthenticationRequest.swift */ = {isa = PBXFileReference; lastKnownFileType = sourcecode.swift; path = AuthenticationRequest.swift; sourceTree = "<group>"; };
		89DA051A009A29FA33301267 /* AuthenticationTests.swift */ = {isa = PBXFileReference; lastKnownFileType = sourcecode.swift; path = AuthenticationTests.swift; sourceTree = "<group>"; };
		95746541013FB13AD7B85EFF /* ArticleReaderTests.swift */ = {isa = PBXFileReference; lastKnownFileType = sourcecode.swift; path = ArticleReaderTests.swift; sourceTree = "<group>"; };
		95ABD0995CCC34E526E09B95 /* APIConfiguration.swift */ = {isa = PBXFileReference; lastKnownFileType = sourcecode.swift; path = APIConfiguration.swift; sourceTree = "<group>"; };
		A823299181EEDD1981821382 /* WebAuthenticationBrowser.swift */ = {isa = PBXFileReference; lastKnownFileType = sourcecode.swift; path = WebAuthenticationBrowser.swift; sourceTree = "<group>"; };
		AAB4CD022FFF05E8731675FC /* AuthenticationModels.swift */ = {isa = PBXFileReference; lastKnownFileType = sourcecode.swift; path = AuthenticationModels.swift; sourceTree = "<group>"; };
		B5CFF205A1B490CFA176D4D0 /* ArticleBridgeProtocol.swift */ = {isa = PBXFileReference; lastKnownFileType = sourcecode.swift; path = ArticleBridgeProtocol.swift; sourceTree = "<group>"; };
		CB858E0903DCF69410DC0FB6 /* AuthenticationModelTests.swift */ = {isa = PBXFileReference; lastKnownFileType = sourcecode.swift; path = AuthenticationModelTests.swift; sourceTree = "<group>"; };
		DCDBB30A3F6EA2A3981FAAA5 /* AuthenticationModel.swift */ = {isa = PBXFileReference; lastKnownFileType = sourcecode.swift; path = AuthenticationModel.swift; sourceTree = "<group>"; };
		EEDBBF5DAD88C9604E87232B /* LinOnwardApp.swift */ = {isa = PBXFileReference; lastKnownFileType = sourcecode.swift; path = LinOnwardApp.swift; sourceTree = "<group>"; };
		F1B3AF6D159ABCA116A18D9C /* AuthenticationStateTests.swift */ = {isa = PBXFileReference; lastKnownFileType = sourcecode.swift; path = AuthenticationStateTests.swift; sourceTree = "<group>"; };
		F6F94B8FC14FD269F55036BE /* AuthenticationPreviews.swift */ = {isa = PBXFileReference; lastKnownFileType = sourcecode.swift; path = AuthenticationPreviews.swift; sourceTree = "<group>"; };
		F95417825C76318B05AACABB /* DesignTokens.generated.swift */ = {isa = PBXFileReference; lastKnownFileType = sourcecode.swift; path = DesignTokens.generated.swift; sourceTree = "<group>"; };
		FC0074D87CF354FF325531AC /* ArticleReaderConfiguration.swift */ = {isa = PBXFileReference; lastKnownFileType = sourcecode.swift; path = ArticleReaderConfiguration.swift; sourceTree = "<group>"; };
		FD9AC01F2941C5104CEA3E4E /* ArticleReaderModels.swift */ = {isa = PBXFileReference; lastKnownFileType = sourcecode.swift; path = ArticleReaderModels.swift; sourceTree = "<group>"; };
		FF62723F8002FFD009CA327C /* Assets.xcassets */ = {isa = PBXFileReference; lastKnownFileType = folder.assetcatalog; path = Assets.xcassets; sourceTree = "<group>"; };
		FFEA86E45D5A984019169F84 /* LinOnwardUITests.xctest */ = {isa = PBXFileReference; includeInIndex = 0; lastKnownFileType = wrapper.cfbundle; path = LinOnwardUITests.xctest; sourceTree = BUILT_PRODUCTS_DIR; };
/* End PBXFileReference section */

/* Begin PBXGroup section */
		0622AC76DB477249FD538C94 /* Authentication */ = {
			isa = PBXGroup;
			children = (
				95ABD0995CCC34E526E09B95 /* APIConfiguration.swift */,
				148B143CC0783A93F0D423D4 /* AuthenticationError.swift */,
				DCDBB30A3F6EA2A3981FAAA5 /* AuthenticationModel.swift */,
				AAB4CD022FFF05E8731675FC /* AuthenticationModels.swift */,
				F6F94B8FC14FD269F55036BE /* AuthenticationPreviews.swift */,
				7C3A12A2BA5526DE36206BA0 /* AuthenticationRequest.swift */,
				452281C3A2191B19159F8764 /* AuthenticationResponseDecoder.swift */,
				0559573061E32A3863F69F48 /* AuthenticationService.swift */,
				5FC88F6E8C8168F445B90BC7 /* AuthenticationState.swift */,
				2E709A708423E3C1340C8C26 /* GoogleIdentityProvider.swift */,
				3816F4D055EB048233285CA5 /* GoogleSignIn.swift */,
				660CF515F8283FDCBAE17CC7 /* SessionTokenStore.swift */,
				533E0F68C206549019E9C2AC /* SignInView.swift */,
				A823299181EEDD1981821382 /* WebAuthenticationBrowser.swift */,
			);
			path = Authentication;
			sourceTree = "<group>";
		};
		0916D20AC03FB5BCDFA3679A /* LinOnwardUITests */ = {
			isa = PBXGroup;
			children = (
				123E324A6E36B03DA29D3097 /* LinOnwardUITests.swift */,
			);
			path = LinOnwardUITests;
			sourceTree = "<group>";
		};
		596ED23D423CAE8DEA2BD0D9 /* Products */ = {
			isa = PBXGroup;
			children = (
				2C8445C722EF773BD81F5605 /* LinOnward.app */,
				4E840CEFA03BB01B4317B783 /* LinOnwardTests.xctest */,
				FFEA86E45D5A984019169F84 /* LinOnwardUITests.xctest */,
			);
			name = Products;
			sourceTree = "<group>";
		};
		71C6B563DD0AC469177FBDF0 = {
			isa = PBXGroup;
			children = (
				BCAEAD0CBF66F0676F2B970B /* App */,
				888C12B0A483CF5F0FE477ED /* Config */,
				AE0DBB4F3AAEE5FF934768F2 /* DesignSystem */,
				E4605FE0C21A8278F5512BFC /* Features */,
				7F89F415166B7F0D45CEF7E5 /* LinOnwardTests */,
				0916D20AC03FB5BCDFA3679A /* LinOnwardUITests */,
				7E46226AF56E2304F285EBF6 /* Resources */,
				596ED23D423CAE8DEA2BD0D9 /* Products */,
			);
			sourceTree = "<group>";
		};
		7E46226AF56E2304F285EBF6 /* Resources */ = {
			isa = PBXGroup;
			children = (
				FF62723F8002FFD009CA327C /* Assets.xcassets */,
				099E10639306D3230D7FE0E6 /* Localizable.xcstrings */,
			);
			name = Resources;
			path = LinOnward/Resources;
			sourceTree = "<group>";
		};
		7F89F415166B7F0D45CEF7E5 /* LinOnwardTests */ = {
			isa = PBXGroup;
			children = (
				95746541013FB13AD7B85EFF /* ArticleReaderTests.swift */,
				CB858E0903DCF69410DC0FB6 /* AuthenticationModelTests.swift */,
				F1B3AF6D159ABCA116A18D9C /* AuthenticationStateTests.swift */,
				89DA051A009A29FA33301267 /* AuthenticationTests.swift */,
				543BE6E91383901E61E38513 /* GoogleSignInTests.swift */,
			);
			path = LinOnwardTests;
			sourceTree = "<group>";
		};
		7FB1533FB46358F4F91419E1 /* Home */ = {
			isa = PBXGroup;
			children = (
				3A4DFAF1E282AF077A78399A /* HomeView.swift */,
			);
			path = Home;
			sourceTree = "<group>";
		};
		888C12B0A483CF5F0FE477ED /* Config */ = {
			isa = PBXGroup;
			children = (
				0C816F3E46C30E3260A7C560 /* Debug.xcconfig */,
				090649DCC5090CF840F85DE9 /* Release.xcconfig */,
			);
			path = Config;
			sourceTree = "<group>";
		};
		AE0DBB4F3AAEE5FF934768F2 /* DesignSystem */ = {
			isa = PBXGroup;
			children = (
				2C335805138E123B6B086C66 /* BrandMark.swift */,
				F95417825C76318B05AACABB /* DesignTokens.generated.swift */,
			);
			name = DesignSystem;
			path = LinOnward/DesignSystem;
			sourceTree = "<group>";
		};
		BCAEAD0CBF66F0676F2B970B /* App */ = {
			isa = PBXGroup;
			children = (
				4E0E3869DFF9C612F8091281 /* AppView.swift */,
				EEDBBF5DAD88C9604E87232B /* LinOnwardApp.swift */,
			);
			name = App;
			path = LinOnward/App;
			sourceTree = "<group>";
		};
		BFC8D4CEF14E271239694A60 /* ArticleReader */ = {
			isa = PBXGroup;
			children = (
				B5CFF205A1B490CFA176D4D0 /* ArticleBridgeProtocol.swift */,
				FC0074D87CF354FF325531AC /* ArticleReaderConfiguration.swift */,
				FD9AC01F2941C5104CEA3E4E /* ArticleReaderModels.swift */,
				7720303E14E567312A96EDDD /* ArticleReaderView.swift */,
				3B07DCCAF9FF87695C3EB38C /* ArticleReaderWebView.swift */,
			);
			path = ArticleReader;
			sourceTree = "<group>";
		};
		E4605FE0C21A8278F5512BFC /* Features */ = {
			isa = PBXGroup;
			children = (
				BFC8D4CEF14E271239694A60 /* ArticleReader */,
				0622AC76DB477249FD538C94 /* Authentication */,
				7FB1533FB46358F4F91419E1 /* Home */,
			);
			name = Features;
			path = LinOnward/Features;
			sourceTree = "<group>";
		};
/* End PBXGroup section */

/* Begin PBXNativeTarget section */
		4FB9E01C5A575DB10C3B909E /* LinOnwardUITests */ = {
			isa = PBXNativeTarget;
			buildConfigurationList = DFA66D8ED0EEF461E6AF28EB /* Build configuration list for PBXNativeTarget "LinOnwardUITests" */;
			buildPhases = (
				F5CE2DC2199419CD3ECBE560 /* Sources */,
			);
			buildRules = (
			);
			dependencies = (
				92F1CC727E03B14B864D827C /* PBXTargetDependency */,
			);
			name = LinOnwardUITests;
			packageProductDependencies = (
			);
			productName = LinOnwardUITests;
			productReference = FFEA86E45D5A984019169F84 /* LinOnwardUITests.xctest */;
			productType = "com.apple.product-type.bundle.ui-testing";
		};
		982D19CE8569E7AA082AAE80 /* LinOnwardTests */ = {
			isa = PBXNativeTarget;
			buildConfigurationList = 2AF85BCFBE3F875EDEC1F7B6 /* Build configuration list for PBXNativeTarget "LinOnwardTests" */;
			buildPhases = (
				7A64C42329917EE85D289891 /* Sources */,
			);
			buildRules = (
			);
			dependencies = (
				A2EEE96F7F99F5C49D06A2E1 /* PBXTargetDependency */,
			);
			name = LinOnwardTests;
			packageProductDependencies = (
			);
			productName = LinOnwardTests;
			productReference = 4E840CEFA03BB01B4317B783 /* LinOnwardTests.xctest */;
			productType = "com.apple.product-type.bundle.unit-test";
		};
		E7C06C1005E9F3BD516323C9 /* LinOnward */ = {
			isa = PBXNativeTarget;
			buildConfigurationList = D92CE2B35B663D787682CF2E /* Build configuration list for PBXNativeTarget "LinOnward" */;
			buildPhases = (
				2D02773C7605B153A5ABA408 /* Sources */,
				595DEB285B7EE23907BC9DE7 /* Resources */,
			);
			buildRules = (
			);
			dependencies = (
			);
			name = LinOnward;
			packageProductDependencies = (
			);
			productName = LinOnward;
			productReference = 2C8445C722EF773BD81F5605 /* LinOnward.app */;
			productType = "com.apple.product-type.application";
		};
/* End PBXNativeTarget section */

/* Begin PBXProject section */
		23C17F4578B275D3A7C42FB2 /* Project object */ = {
			isa = PBXProject;
			attributes = {
				BuildIndependentTargetsInParallel = YES;
				LastUpgradeCheck = 2600;
				TargetAttributes = {
					4FB9E01C5A575DB10C3B909E = {
						ProvisioningStyle = Automatic;
						TestTargetID = E7C06C1005E9F3BD516323C9;
					};
					982D19CE8569E7AA082AAE80 = {
						ProvisioningStyle = Automatic;
					};
					E7C06C1005E9F3BD516323C9 = {
						ProvisioningStyle = Automatic;
					};
				};
			};
			buildConfigurationList = 34638669C8E886BFE2B30B83 /* Build configuration list for PBXProject "LinOnward" */;
			developmentRegion = en;
			hasScannedForEncodings = 0;
			knownRegions = (
				Base,
				en,
				"zh-Hans",
			);
			mainGroup = 71C6B563DD0AC469177FBDF0;
			minimizedProjectReferenceProxies = 1;
			preferredProjectObjectVersion = 77;
			productRefGroup = 596ED23D423CAE8DEA2BD0D9 /* Products */;
			projectDirPath = "";
			projectRoot = "";
			targets = (
				E7C06C1005E9F3BD516323C9 /* LinOnward */,
				982D19CE8569E7AA082AAE80 /* LinOnwardTests */,
				4FB9E01C5A575DB10C3B909E /* LinOnwardUITests */,
			);
		};
/* End PBXProject section */

/* Begin PBXResourcesBuildPhase section */
		595DEB285B7EE23907BC9DE7 /* Resources */ = {
			isa = PBXResourcesBuildPhase;
			buildActionMask = 2147483647;
			files = (
				8A96FF81213E3BFFE2F283E1 /* Assets.xcassets in Resources */,
				917F5E3502DF57628DF75163 /* Localizable.xcstrings in Resources */,
			);
			runOnlyForDeploymentPostprocessing = 0;
		};
/* End PBXResourcesBuildPhase section */

/* Begin PBXSourcesBuildPhase section */
		2D02773C7605B153A5ABA408 /* Sources */ = {
			isa = PBXSourcesBuildPhase;
			buildActionMask = 2147483647;
			files = (
				FAD238B31E823634ABC6D0CA /* APIConfiguration.swift in Sources */,
				78AEFFBCBD64402BAD0A674E /* AppView.swift in Sources */,
				A081A0D378CE9DF738FC6B9F /* ArticleBridgeProtocol.swift in Sources */,
				878F5AC70E0837571BF93287 /* ArticleReaderConfiguration.swift in Sources */,
				A518A2A395B10B5956AE4C74 /* ArticleReaderModels.swift in Sources */,
				78595C797F0189955DCA2005 /* ArticleReaderView.swift in Sources */,
				D01842CA4F53F5C160526371 /* ArticleReaderWebView.swift in Sources */,
				513D597F7532E79FEFE9B408 /* AuthenticationError.swift in Sources */,
				289B7D9934DD76E681BEF251 /* AuthenticationModel.swift in Sources */,
				18100FC83D41252F81747FF2 /* AuthenticationModels.swift in Sources */,
				1EC686820AD47A7601E2D5A9 /* AuthenticationPreviews.swift in Sources */,
				CC07012A0E4706846ED09DE4 /* AuthenticationRequest.swift in Sources */,
				C2D7FCE89FA9DFE624DA868F /* AuthenticationResponseDecoder.swift in Sources */,
				214CADF45553530EF4109053 /* AuthenticationService.swift in Sources */,
				24E3D951AF7E94FB8699F988 /* AuthenticationState.swift in Sources */,
				E7E291780E5A98EB0D07B119 /* BrandMark.swift in Sources */,
				1304D6B95460D3DAF7B42A6D /* DesignTokens.generated.swift in Sources */,
				66E3DB77D5D3D82BD8F497F9 /* GoogleIdentityProvider.swift in Sources */,
				35E0F314BDCD50FA380B5AC6 /* GoogleSignIn.swift in Sources */,
				C69965A582C8F9485B6E146B /* HomeView.swift in Sources */,
				1A110709F214A317F97EF169 /* LinOnwardApp.swift in Sources */,
				3FF3ED0A666112F9F2A01897 /* SessionTokenStore.swift in Sources */,
				A762B68854281BE1A8809DCF /* SignInView.swift in Sources */,
				07AABE7F7A469433A2D0AC84 /* WebAuthenticationBrowser.swift in Sources */,
			);
			runOnlyForDeploymentPostprocessing = 0;
		};
		7A64C42329917EE85D289891 /* Sources */ = {
			isa = PBXSourcesBuildPhase;
			buildActionMask = 2147483647;
			files = (
				F001B83B27A4444D73739313 /* ArticleReaderTests.swift in Sources */,
				A839D940C6A1D7ABE1118C75 /* AuthenticationModelTests.swift in Sources */,
				CDC49AD57458E181364D0056 /* AuthenticationStateTests.swift in Sources */,
				D191893291B13F6B26E4BBB5 /* AuthenticationTests.swift in Sources */,
				9D3C942B3F9766FD980DB326 /* GoogleSignInTests.swift in Sources */,
			);
			runOnlyForDeploymentPostprocessing = 0;
		};
		F5CE2DC2199419CD3ECBE560 /* Sources */ = {
			isa = PBXSourcesBuildPhase;
			buildActionMask = 2147483647;
			files = (
				060F9213B9C997A695847F76 /* LinOnwardUITests.swift in Sources */,
			);
			runOnlyForDeploymentPostprocessing = 0;
		};
/* End PBXSourcesBuildPhase section */

/* Begin PBXTargetDependency section */
		92F1CC727E03B14B864D827C /* PBXTargetDependency */ = {
			isa = PBXTargetDependency;
			target = E7C06C1005E9F3BD516323C9 /* LinOnward */;
			targetProxy = 03593144B169ECFD4B86B6EB /* PBXContainerItemProxy */;
		};
		A2EEE96F7F99F5C49D06A2E1 /* PBXTargetDependency */ = {
			isa = PBXTargetDependency;
			target = E7C06C1005E9F3BD516323C9 /* LinOnward */;
			targetProxy = C5C8C3338336BCA2950381D5 /* PBXContainerItemProxy */;
		};
/* End PBXTargetDependency section */

/* Begin XCBuildConfiguration section */
		510445384FAF07B7DAD43710 /* Release */ = {
			isa = XCBuildConfiguration;
			baseConfigurationReference = 090649DCC5090CF840F85DE9 /* Release.xcconfig */;
			buildSettings = {
				BUNDLE_LOADER = "$(TEST_HOST)";
				GENERATE_INFOPLIST_FILE = YES;
				LD_RUNPATH_SEARCH_PATHS = (
					"$(inherited)",
					"@executable_path/Frameworks",
					"@loader_path/Frameworks",
				);
				PRODUCT_BUNDLE_IDENTIFIER = com.linonward.app.tests;
				SDKROOT = iphoneos;
				TEST_HOST = "$(BUILT_PRODUCTS_DIR)/LinOnward.app/LinOnward";
			};
			name = Release;
		};
		617D014B2FBA8EB8CDE6CFDE /* Release */ = {
			isa = XCBuildConfiguration;
			baseConfigurationReference = 090649DCC5090CF840F85DE9 /* Release.xcconfig */;
			buildSettings = {
				ASSETCATALOG_COMPILER_APPICON_NAME = "";
				ASSETCATALOG_COMPILER_GLOBAL_ACCENT_COLOR_NAME = AccentColor;
				CODE_SIGN_IDENTITY = "iPhone Developer";
				GENERATE_INFOPLIST_FILE = NO;
				INFOPLIST_FILE = LinOnward/Supporting/Info.plist;
				LD_RUNPATH_SEARCH_PATHS = (
					"$(inherited)",
					"@executable_path/Frameworks",
				);
				PRODUCT_BUNDLE_IDENTIFIER = com.linonward.app;
				SDKROOT = iphoneos;
			};
			name = Release;
		};
		63A1BA0AF888FFE48DC94000 /* Release */ = {
			isa = XCBuildConfiguration;
			buildSettings = {
				ALWAYS_SEARCH_USER_PATHS = NO;
				CLANG_ANALYZER_NONNULL = YES;
				CLANG_ANALYZER_NUMBER_OBJECT_CONVERSION = YES_AGGRESSIVE;
				CLANG_CXX_LANGUAGE_STANDARD = "gnu++14";
				CLANG_CXX_LIBRARY = "libc++";
				CLANG_ENABLE_MODULES = YES;
				CLANG_ENABLE_OBJC_ARC = YES;
				CLANG_ENABLE_OBJC_WEAK = YES;
				CLANG_WARN_BLOCK_CAPTURE_AUTORELEASING = YES;
				CLANG_WARN_BOOL_CONVERSION = YES;
				CLANG_WARN_COMMA = YES;
				CLANG_WARN_CONSTANT_CONVERSION = YES;
				CLANG_WARN_DEPRECATED_OBJC_IMPLEMENTATIONS = YES;
				CLANG_WARN_DIRECT_OBJC_ISA_USAGE = YES_ERROR;
				CLANG_WARN_DOCUMENTATION_COMMENTS = YES;
				CLANG_WARN_EMPTY_BODY = YES;
				CLANG_WARN_ENUM_CONVERSION = YES;
				CLANG_WARN_INFINITE_RECURSION = YES;
				CLANG_WARN_INT_CONVERSION = YES;
				CLANG_WARN_NON_LITERAL_NULL_CONVERSION = YES;
				CLANG_WARN_OBJC_IMPLICIT_RETAIN_SELF = YES;
				CLANG_WARN_OBJC_LITERAL_CONVERSION = YES;
				CLANG_WARN_OBJC_ROOT_CLASS = YES_ERROR;
				CLANG_WARN_QUOTED_INCLUDE_IN_FRAMEWORK_HEADER = YES;
				CLANG_WARN_RANGE_LOOP_ANALYSIS = YES;
				CLANG_WARN_STRICT_PROTOTYPES = YES;
				CLANG_WARN_SUSPICIOUS_MOVE = YES;
				CLANG_WARN_UNGUARDED_AVAILABILITY = YES_AGGRESSIVE;
				CLANG_WARN_UNREACHABLE_CODE = YES;
				CLANG_WARN__DUPLICATE_METHOD_MATCH = YES;
				COPY_PHASE_STRIP = NO;
				DEBUG_INFORMATION_FORMAT = "dwarf-with-dsym";
				ENABLE_NS_ASSERTIONS = NO;
				ENABLE_STRICT_OBJC_MSGSEND = YES;
				GCC_C_LANGUAGE_STANDARD = gnu11;
				GCC_NO_COMMON_BLOCKS = YES;
				GCC_WARN_64_TO_32_BIT_CONVERSION = YES;
				GCC_WARN_ABOUT_RETURN_TYPE = YES_ERROR;
				GCC_WARN_UNDECLARED_SELECTOR = YES;
				GCC_WARN_UNINITIALIZED_AUTOS = YES_AGGRESSIVE;
				GCC_WARN_UNUSED_FUNCTION = YES;
				GCC_WARN_UNUSED_VARIABLE = YES;
				IPHONEOS_DEPLOYMENT_TARGET = 26.0;
				MTL_ENABLE_DEBUG_INFO = NO;
				MTL_FAST_MATH = YES;
				PRODUCT_NAME = "$(TARGET_NAME)";
				SDKROOT = iphoneos;
				SWIFT_COMPILATION_MODE = wholemodule;
				SWIFT_OPTIMIZATION_LEVEL = "-O";
				SWIFT_VERSION = 5.0;
			};
			name = Release;
		};
		669490B778B41B19A2FEA2A1 /* Debug */ = {
			isa = XCBuildConfiguration;
			baseConfigurationReference = 0C816F3E46C30E3260A7C560 /* Debug.xcconfig */;
			buildSettings = {
				BUNDLE_LOADER = "$(TEST_HOST)";
				GENERATE_INFOPLIST_FILE = YES;
				LD_RUNPATH_SEARCH_PATHS = (
					"$(inherited)",
					"@executable_path/Frameworks",
					"@loader_path/Frameworks",
				);
				PRODUCT_BUNDLE_IDENTIFIER = "com.linonward.app.ui-tests";
				SDKROOT = iphoneos;
				TEST_TARGET_NAME = LinOnward;
			};
			name = Debug;
		};
		9B4690B0F7967D0E9800C5EC /* Release */ = {
			isa = XCBuildConfiguration;
			baseConfigurationReference = 090649DCC5090CF840F85DE9 /* Release.xcconfig */;
			buildSettings = {
				BUNDLE_LOADER = "$(TEST_HOST)";
				GENERATE_INFOPLIST_FILE = YES;
				LD_RUNPATH_SEARCH_PATHS = (
					"$(inherited)",
					"@executable_path/Frameworks",
					"@loader_path/Frameworks",
				);
				PRODUCT_BUNDLE_IDENTIFIER = "com.linonward.app.ui-tests";
				SDKROOT = iphoneos;
				TEST_TARGET_NAME = LinOnward;
			};
			name = Release;
		};
		D1ECC3E673F217D335419372 /* Debug */ = {
			isa = XCBuildConfiguration;
			baseConfigurationReference = 0C816F3E46C30E3260A7C560 /* Debug.xcconfig */;
			buildSettings = {
				ASSETCATALOG_COMPILER_APPICON_NAME = "";
				ASSETCATALOG_COMPILER_GLOBAL_ACCENT_COLOR_NAME = AccentColor;
				CODE_SIGN_IDENTITY = "iPhone Developer";
				GENERATE_INFOPLIST_FILE = NO;
				INFOPLIST_FILE = LinOnward/Supporting/Info.plist;
				LD_RUNPATH_SEARCH_PATHS = (
					"$(inherited)",
					"@executable_path/Frameworks",
				);
				PRODUCT_BUNDLE_IDENTIFIER = com.linonward.app;
				SDKROOT = iphoneos;
			};
			name = Debug;
		};
		D995A57B48DBB6D27213AB5B /* Debug */ = {
			isa = XCBuildConfiguration;
			buildSettings = {
				ALWAYS_SEARCH_USER_PATHS = NO;
				CLANG_ANALYZER_NONNULL = YES;
				CLANG_ANALYZER_NUMBER_OBJECT_CONVERSION = YES_AGGRESSIVE;
				CLANG_CXX_LANGUAGE_STANDARD = "gnu++14";
				CLANG_CXX_LIBRARY = "libc++";
				CLANG_ENABLE_MODULES = YES;
				CLANG_ENABLE_OBJC_ARC = YES;
				CLANG_ENABLE_OBJC_WEAK = YES;
				CLANG_WARN_BLOCK_CAPTURE_AUTORELEASING = YES;
				CLANG_WARN_BOOL_CONVERSION = YES;
				CLANG_WARN_COMMA = YES;
				CLANG_WARN_CONSTANT_CONVERSION = YES;
				CLANG_WARN_DEPRECATED_OBJC_IMPLEMENTATIONS = YES;
				CLANG_WARN_DIRECT_OBJC_ISA_USAGE = YES_ERROR;
				CLANG_WARN_DOCUMENTATION_COMMENTS = YES;
				CLANG_WARN_EMPTY_BODY = YES;
				CLANG_WARN_ENUM_CONVERSION = YES;
				CLANG_WARN_INFINITE_RECURSION = YES;
				CLANG_WARN_INT_CONVERSION = YES;
				CLANG_WARN_NON_LITERAL_NULL_CONVERSION = YES;
				CLANG_WARN_OBJC_IMPLICIT_RETAIN_SELF = YES;
				CLANG_WARN_OBJC_LITERAL_CONVERSION = YES;
				CLANG_WARN_OBJC_ROOT_CLASS = YES_ERROR;
				CLANG_WARN_QUOTED_INCLUDE_IN_FRAMEWORK_HEADER = YES;
				CLANG_WARN_RANGE_LOOP_ANALYSIS = YES;
				CLANG_WARN_STRICT_PROTOTYPES = YES;
				CLANG_WARN_SUSPICIOUS_MOVE = YES;
				CLANG_WARN_UNGUARDED_AVAILABILITY = YES_AGGRESSIVE;
				CLANG_WARN_UNREACHABLE_CODE = YES;
				CLANG_WARN__DUPLICATE_METHOD_MATCH = YES;
				COPY_PHASE_STRIP = NO;
				DEBUG_INFORMATION_FORMAT = dwarf;
				ENABLE_STRICT_OBJC_MSGSEND = YES;
				ENABLE_TESTABILITY = YES;
				GCC_C_LANGUAGE_STANDARD = gnu11;
				GCC_DYNAMIC_NO_PIC = NO;
				GCC_NO_COMMON_BLOCKS = YES;
				GCC_OPTIMIZATION_LEVEL = 0;
				GCC_PREPROCESSOR_DEFINITIONS = (
					"$(inherited)",
					"DEBUG=1",
				);
				GCC_WARN_64_TO_32_BIT_CONVERSION = YES;
				GCC_WARN_ABOUT_RETURN_TYPE = YES_ERROR;
				GCC_WARN_UNDECLARED_SELECTOR = YES;
				GCC_WARN_UNINITIALIZED_AUTOS = YES_AGGRESSIVE;
				GCC_WARN_UNUSED_FUNCTION = YES;
				GCC_WARN_UNUSED_VARIABLE = YES;
				IPHONEOS_DEPLOYMENT_TARGET = 26.0;
				MTL_ENABLE_DEBUG_INFO = INCLUDE_SOURCE;
				MTL_FAST_MATH = YES;
				ONLY_ACTIVE_ARCH = YES;
				PRODUCT_NAME = "$(TARGET_NAME)";
				SDKROOT = iphoneos;
				SWIFT_ACTIVE_COMPILATION_CONDITIONS = DEBUG;
				SWIFT_OPTIMIZATION_LEVEL = "-Onone";
				SWIFT_VERSION = 5.0;
			};
			name = Debug;
		};
		FECC60A090469DD156917290 /* Debug */ = {
			isa = XCBuildConfiguration;
			baseConfigurationReference = 0C816F3E46C30E3260A7C560 /* Debug.xcconfig */;
			buildSettings = {
				BUNDLE_LOADER = "$(TEST_HOST)";
				GENERATE_INFOPLIST_FILE = YES;
				LD_RUNPATH_SEARCH_PATHS = (
					"$(inherited)",
					"@executable_path/Frameworks",
					"@loader_path/Frameworks",
				);
				PRODUCT_BUNDLE_IDENTIFIER = com.linonward.app.tests;
				SDKROOT = iphoneos;
				TEST_HOST = "$(BUILT_PRODUCTS_DIR)/LinOnward.app/LinOnward";
			};
			name = Debug;
		};
/* End XCBuildConfiguration section */

/* Begin XCConfigurationList section */
		2AF85BCFBE3F875EDEC1F7B6 /* Build configuration list for PBXNativeTarget "LinOnwardTests" */ = {
			isa = XCConfigurationList;
			buildConfigurations = (
				FECC60A090469DD156917290 /* Debug */,
				510445384FAF07B7DAD43710 /* Release */,
			);
			defaultConfigurationIsVisible = 0;
			defaultConfigurationName = Debug;
		};
		34638669C8E886BFE2B30B83 /* Build configuration list for PBXProject "LinOnward" */ = {
			isa = XCConfigurationList;
			buildConfigurations = (
				D995A57B48DBB6D27213AB5B /* Debug */,
				63A1BA0AF888FFE48DC94000 /* Release */,
			);
			defaultConfigurationIsVisible = 0;
			defaultConfigurationName = Debug;
		};
		D92CE2B35B663D787682CF2E /* Build configuration list for PBXNativeTarget "LinOnward" */ = {
			isa = XCConfigurationList;
			buildConfigurations = (
				D1ECC3E673F217D335419372 /* Debug */,
				617D014B2FBA8EB8CDE6CFDE /* Release */,
			);
			defaultConfigurationIsVisible = 0;
			defaultConfigurationName = Debug;
		};
		DFA66D8ED0EEF461E6AF28EB /* Build configuration list for PBXNativeTarget "LinOnwardUITests" */ = {
			isa = XCConfigurationList;
			buildConfigurations = (
				669490B778B41B19A2FEA2A1 /* Debug */,
				9B4690B0F7967D0E9800C5EC /* Release */,
			);
			defaultConfigurationIsVisible = 0;
			defaultConfigurationName = Debug;
		};
/* End XCConfigurationList section */
	};
	rootObject = 23C17F4578B275D3A7C42FB2 /* Project object */;
}
